<?xml version="1.0" encoding="utf-8"?>
<Project ToolsVersion="4.0" xmlns="http://schemas.microsoft.com/developer/msbuild/2003">
  <ItemGroup>
    <Filter Include="소스 파일">
      <UniqueIdentifier>{4FC737F1-C7A5-4376-A066-2A32D752A2FF}</UniqueIdentifier>
      <Extensions>cpp;c;cc;cxx;c++;cppm;ixx;def;odl;idl;hpj;bat;asm;asmx</Extensions>
    </Filter>
    <Filter Include="헤더 파일">
      <UniqueIdentifier>{93995380-89BD-4b04-88EB-625FBE52EBFB}</UniqueIdentifier>
      <Extensions>h;hh;hpp;hxx;h++;hm;inl;inc;ipp;xsd</Extensions>
    </Filter>
    <Filter Include="리소스 파일">
      <UniqueIdentifier>{67DA6AB6-F800-4c08-8B7A-83BB121AAD01}</UniqueIdentifier>
      <Extensions>rc;ico;cur;bmp;dlg;rc2;rct;bin;rgs;gif;jpg;jpeg;jpe;resx;tiff;tif;png;wav;mfcribbon-ms</Extensions>
    </Filter>
    <Filter Include="헤더 파일\Managers">
      <UniqueIdentifier>{3bb24a37-2705-49e2-bf69-00fb90ea3fe3}</UniqueIdentifier>
    </Filter>
    <Filter Include="소스 파일\Managers">
      <UniqueIdentifier>{2ba75b0e-b183-40d0-962d-87c5d2842d5b}</UniqueIdentifier>
    </Filter>
    <Filter Include="헤더 파일\UI">
      <UniqueIdentifier>{b67a9851-8d19-46aa-9db4-4158748a51d6}</UniqueIdentifier>
    </Filter>
    <Filter Include="소스 파일\UI">
      <UniqueIdentifier>{bb366842-9d23-48c3-8e20-9fda9454d2bf}</UniqueIdentifier>
    </Filter>
    <Filter Include="소스 파일\Managers\Control">
      <UniqueIdentifier>{d2a04e00-fb1c-42fe-b142-d39db858d999}</UniqueIdentifier>
    </Filter>
    <Filter Include="헤더 파일\Managers\Control">
      <UniqueIdentifier>{b1bf0771-92ab-4b48-a559-e6d84bf5fd17}</UniqueIdentifier>
    </Filter>
  </ItemGroup>
  <ItemGroup>
    <ClCompile Include="main.cpp">
      <Filter>소스 파일</Filter>
    </ClCompile>
    <ClCompile Include="Manager.cpp">
      <Filter>소스 파일\Managers</Filter>
    </ClCompile>
    <ClCompile Include="DataManager.cpp">
      <Filter>소스 파일\Managers</Filter>
    </ClCompile>
    <ClCompile Include="StaticUI.cpp">
      <Filter>소스 파일\UI</Filter>
    </ClCompile>
    <ClCompile Include="DynamicUI.cpp">
      <Filter>소스 파일\UI</Filter>
    </ClCompile>
    <ClCompile Include="ControlManager.cpp">
      <Filter>소스 파일\Managers</Filter>
    </ClCompile>
    <ClCompile Include="Create.cpp">
      <Filter>소스 파일\Managers\Control</Filter>
    </ClCompile>
    <ClCompile Include="Delete.cpp">
      <Filter>소스 파일\Managers\Control</Filter>
    </ClCompile>
    <ClCompile Include="Update.cpp">
      <Filter>소스 파일\Managers\Control</Filter>
    </ClCompile>
    <ClCompile Include="Exit.cpp">
      <Filter>소스 파일\Managers\Control</Filter>
    </ClCompile>
    <ClCompile Include="None.cpp">
      <Filter>소스 파일\Managers\Control</Filter>
    </ClCompile>
    <ClCompile Include="ContactData.cpp">
      <Filter>소스 파일</Filter>
    </ClCompile>
    <ClCompile Include="Read.cpp">
      <Filter>소스 파일\Managers\Control</Filter>
    </ClCompile>
    <ClCompile Include="Utils.cpp">
      <Filter>소스 파일</Filter>
    </ClCompile>
  </ItemGroup>
  <ItemGroup>
    <ClInclude Include="Manager.hpp">
      <Filter>헤더 파일\Managers</Filter>
    </ClInclude>
    <ClInclude Include="DataManager.hpp">
      <Filter>헤더 파일\Managers</Filter>
    </ClInclude>
    <ClInclude Include="DynamicUI.hpp">
      <Filter>헤더 파일\UI</Filter>
    </ClInclude>
    <ClInclude Include="StaticUI.hpp">
      <Filter>헤더 파일\UI</Filter>
    </ClInclude>
    <ClInclude Include="Create.hpp">
      <Filter>헤더 파일\Managers\Control</Filter>
    </ClInclude>
    <ClInclude Include="None.hpp">
      <Filter>헤더 파일\Managers\Control</Filter>
    </ClInclude>
    <ClInclude Include="State.hpp">
      <Filter>헤더 파일\Managers\Control</Filter>
    </ClInclude>
    <ClInclude Include="Update.hpp">
      <Filter>헤더 파일\Managers\Control</Filter>
    </ClInclude>
    <ClInclude Include="Delete.hpp">
      <Filter>헤더 파일\Managers\Control</Filter>
    </ClInclude>
    <ClInclude Include="Exit.hpp">
      <Filter>헤더 파일\Managers\Control</Filter>
    </ClInclude>
    <ClInclude Include="ControlManager.hpp">
      <Filter>헤더 파일\Managers</Filter>
    </ClInclude>
    <ClInclude Include="ContactData.hpp">
      <Filter>헤더 파일</Filter>
    </ClInclude>
    <ClInclude Include="Read.hpp">
      <Filter>헤더 파일</Filter>
    </ClInclude>
    <ClInclude Include="Utils.hpp">
      <Filter>헤더 파일</Filter>
    </ClInclude>
  </ItemGroup>
</Project>